
Microsoft Visual Studio Solution File, Format Version 12.00
# Visual Studio 15
VisualStudioVersion = 15.0.27703.2035
MinimumVisualStudioVersion = 10.0.40219.1
Project("{FAE04EC0-301F-11D3-BF4B-00C04F79EFBC}") = "KI_Fun", "KI_Fun.csproj", "{2441E90F-5F36-4A59-8F9A-623589E58937}"
EndProject
Global
	GlobalSection(SolutionConfigurationPlatforms) = preSolution
		Debug|Any CPU = Debug|Any CPU
		Release|Any CPU = Release|Any CPU
	EndGlobalSection
	GlobalSection(ProjectConfigurationPlatforms) = postSolution
		{2441E90F-5F36-4A59-8F9A-623589E58937}.Debug|Any CPU.ActiveCfg = Debug|Any CPU
		{2441E90F-5F36-4A59-8F9A-623589E58937}.Debug|Any CPU.Build.0 = Debug|Any CPU
		{2441E90F-5F36-4A59-8F9A-623589E58937}.Release|Any CPU.ActiveCfg = Release|Any CPU
		{2441E90F-5F36-4A59-8F9A-623589E58937}.Release|Any CPU.Build.0 = Release|Any CPU
	EndGlobalSection
	GlobalSection(SolutionProperties) = preSolution
		HideSolutionNode = FALSE
	EndGlobalSection
	GlobalSection(ExtensibilityGlobals) = postSolution
		SolutionGuid = {9472F5F3-8828-4438-8FFB-5BB695585ED9}
	EndGlobalSection
EndGlobal
